
Microsoft Visual Studio Solution File, Format Version 12.00
# Visual Studio Version 17
VisualStudioVersion = 17.3.32901.215
MinimumVisualStudioVersion = 10.0.40219.1
Project("{FAE04EC0-301F-11D3-BF4B-00C04F79EFBC}") = "VizeFinal_Hesaplama", "VizeFinal_Hesaplama\VizeFinal_Hesaplama.csproj", "{7D52DFE1-F639-4756-9046-A3BC5F60CD50}"
EndProject
Global
	GlobalSection(SolutionConfigurationPlatforms) = preSolution
		Debug|Any CPU = Debug|Any CPU
		Release|Any CPU = Release|Any CPU
	EndGlobalSection
	GlobalSection(ProjectConfigurationPlatforms) = postSolution
		{7D52DFE1-F639-4756-9046-A3BC5F60CD50}.Debug|Any CPU.ActiveCfg = Debug|Any CPU
		{7D52DFE1-F639-4756-9046-A3BC5F60CD50}.Debug|Any CPU.Build.0 = Debug|Any CPU
		{7D52DFE1-F639-4756-9046-A3BC5F60CD50}.Release|Any CPU.ActiveCfg = Release|Any CPU
		{7D52DFE1-F639-4756-9046-A3BC5F60CD50}.Release|Any CPU.Build.0 = Release|Any CPU
	EndGlobalSection
	GlobalSection(SolutionProperties) = preSolution
		HideSolutionNode = FALSE
	EndGlobalSection
	GlobalSection(ExtensibilityGlobals) = postSolution
		SolutionGuid = {8B78E7CB-2F43-4655-B419-400815704F72}
	EndGlobalSection
EndGlobal
